{
  "name": "semana15",
  "lockfileVersion": 3,
  "requires": true,
  "packages": {
    "": {
      "dependencies": {
        "turbopack": "^0.0.1"
      }
    },
    "node_modules/turbopack": {
      "version": "0.0.1",
      "resolved": "https://registry.npmjs.org/turbopack/-/turbopack-0.0.1.tgz",
      "integrity": "sha512-urgN2cl9AY9JnNi2bNJREMFkdnjyTo2bQlFnegAMEHBozMhB1fuCrQdsag1mHQwY83odPxNtip4BsxBrL7KbRQ=="
    }
  }
}
